// !$*UTF8*$!
{
	archiveVersion = 1;
	classes = {
	};
	objectVersion = 48;
	objects = {

/* Begin PBXBuildFile section */
		5C0006441FDDEB93007D1B10 /* AppDelegate.swift in Sources */ = {isa = PBXBuildFile; fileRef = 5C0006431FDDEB93007D1B10 /* AppDelegate.swift */; };
		5C0006461FDDEB93007D1B10 /* ViewController.swift in Sources */ = {isa = PBXBuildFile; fileRef = 5C0006451FDDEB93007D1B10 /* ViewController.swift */; };
		5C0006491FDDEB93007D1B10 /* Main.storyboard in Resources */ = {isa = PBXBuildFile; fileRef = 5C0006471FDDEB93007D1B10 /* Main.storyboard */; };
		5C00064C1FDDEB93007D1B10 /* CustomCamera.xcdatamodeld in Sources */ = {isa = PBXBuildFile; fileRef = 5C00064A1FDDEB93007D1B10 /* CustomCamera.xcdatamodeld */; };
		5C00064E1FDDEB93007D1B10 /* Assets.xcassets in Resources */ = {isa = PBXBuildFile; fileRef = 5C00064D1FDDEB93007D1B10 /* Assets.xcassets */; };
		5C0006511FDDEB93007D1B10 /* LaunchScreen.storyboard in Resources */ = {isa = PBXBuildFile; fileRef = 5C00064F1FDDEB93007D1B10 /* LaunchScreen.storyboard */; };
		5C00065C1FDDEB93007D1B10 /* CustomCameraTests.swift in Sources */ = {isa = PBXBuildFile; fileRef = 5C00065B1FDDEB93007D1B10 /* CustomCameraTests.swift */; };
		5C0006671FDDEB93007D1B10 /* CustomCameraUITests.swift in Sources */ = {isa = PBXBuildFile; fileRef = 5C0006661FDDEB93007D1B10 /* CustomCameraUITests.swift */; };
		5C0006751FDDF28E007D1B10 /* PreviewViewController.swift in Sources */ = {isa = PBXBuildFile; fileRef = 5C0006741FDDF28E007D1B10 /* PreviewViewController.swift */; };
		5C0006761FDE1A1B007D1B10 /* Info.plist in Resources */ = {isa = PBXBuildFile; fileRef = 5C0006521FDDEB93007D1B10 /* Info.plist */; };
/* End PBXBuildFile section */

/* Begin PBXContainerItemProxy section */
		5C0006581FDDEB93007D1B10 /* PBXContainerItemProxy */ = {
			isa = PBXContainerItemProxy;
			containerPortal = 5C0006381FDDEB93007D1B10 /* Project object */;
			proxyType = 1;
			remoteGlobalIDString = 5C00063F1FDDEB93007D1B10;
			remoteInfo = CustomCamera;
		};
		5C0006631FDDEB93007D1B10 /* PBXContainerItemProxy */ = {
			isa = PBXContainerItemProxy;
			containerPortal = 5C0006381FDDEB93007D1B10 /* Project object */;
			proxyType = 1;
			remoteGlobalIDString = 5C00063F1FDDEB93007D1B10;
			remoteInfo = CustomCamera;
		};
/* End PBXContainerItemProxy section */

/* Begin PBXFileReference section */
		5C0006401FDDEB93007D1B10 /* CustomCamera.app */ = {isa = PBXFileReference; explicitFileType = wrapper.application; includeInIndex = 0; path = CustomCamera.app; sourceTree = BUILT_PRODUCTS_DIR; };
		5C0006431FDDEB93007D1B10 /* AppDelegate.swift */ = {isa = PBXFileReference; lastKnownFileType = sourcecode.swift; path = AppDelegate.swift; sourceTree = "<group>"; };
		5C0006451FDDEB93007D1B10 /* ViewController.swift */ = {isa = PBXFileReference; lastKnownFileType = sourcecode.swift; path = ViewController.swift; sourceTree = "<group>"; };
		5C0006481FDDEB93007D1B10 /* Base */ = {isa = PBXFileReference; lastKnownFileType = file.storyboard; name = Base; path = Base.lproj/Main.storyboard; sourceTree = "<group>"; };
		5C00064B1FDDEB93007D1B10 /* CustomCamera.xcdatamodel */ = {isa = PBXFileReference; lastKnownFileType = wrapper.xcdatamodel; path = CustomCamera.xcdatamodel; sourceTree = "<group>"; };
		5C00064D1FDDEB93007D1B10 /* Assets.xcassets */ = {isa = PBXFileReference; lastKnownFileType = folder.assetcatalog; path = Assets.xcassets; sourceTree = "<group>"; };
		5C0006501FDDEB93007D1B10 /* Base */ = {isa = PBXFileReference; lastKnownFileType = file.storyboard; name = Base; path = Base.lproj/LaunchScreen.storyboard; sourceTree = "<group>"; };
		5C0006521FDDEB93007D1B10 /* Info.plist */ = {isa = PBXFileReference; lastKnownFileType = text.plist.xml; path = Info.plist; sourceTree = "<group>"; };
		5C0006571FDDEB93007D1B10 /* CustomCameraTests.xctest */ = {isa = PBXFileReference; explicitFileType = wrapper.cfbundle; includeInIndex = 0; path = CustomCameraTests.xctest; sourceTree = BUILT_PRODUCTS_DIR; };
		5C00065B1FDDEB93007D1B10 /* CustomCameraTests.swift */ = {isa = PBXFileReference; lastKnownFileType = sourcecode.swift; path = CustomCameraTests.swift; sourceTree = "<group>"; };
		5C00065D1FDDEB93007D1B10 /* Info.plist */ = {isa = PBXFileReference; lastKnownFileType = text.plist.xml; path = Info.plist; sourceTree = "<group>"; };
		5C0006621FDDEB93007D1B10 /* CustomCameraUITests.xctest */ = {isa = PBXFileReference; explicitFileType = wrapper.cfbundle; includeInIndex = 0; path = CustomCameraUITests.xctest; sourceTree = BUILT_PRODUCTS_DIR; };
		5C0006661FDDEB93007D1B10 /* CustomCameraUITests.swift */ = {isa = PBXFileReference; lastKnownFileType = sourcecode.swift; path = CustomCameraUITests.swift; sourceTree = "<group>"; };
		5C0006681FDDEB93007D1B10 /* Info.plist */ = {isa = PBXFileReference; lastKnownFileType = text.plist.xml; path = Info.plist; sourceTree = "<group>"; };
		5C0006741FDDF28E007D1B10 /* PreviewViewController.swift */ = {isa = PBXFileReference; lastKnownFileType = sourcecode.swift; path = PreviewViewController.swift; sourceTree = "<group>"; };
/* End PBXFileReference section */

/* Begin PBXFrameworksBuildPhase section */
		5C00063D1FDDEB93007D1B10 /* Frameworks */ = {
			isa = PBXFrameworksBuildPhase;
			buildActionMask = 2147483647;
			files = (
			);
			runOnlyForDeploymentPostprocessing = 0;
		};
		5C0006541FDDEB93007D1B10 /* Frameworks */ = {
			isa = PBXFrameworksBuildPhase;
			buildActionMask = 2147483647;
			files = (
			);
			runOnlyForDeploymentPostprocessing = 0;
		};
		5C00065F1FDDEB93007D1B10 /* Frameworks */ = {
			isa = PBXFrameworksBuildPhase;
			buildActionMask = 2147483647;
			files = (
			);
			runOnlyForDeploymentPostprocessing = 0;
		};
/* End PBXFrameworksBuildPhase section */

/* Begin PBXGroup section */
		5C0006371FDDEB93007D1B10 = {
			isa = PBXGroup;
			children = (
				5C0006421FDDEB93007D1B10 /* CustomCamera */,
				5C00065A1FDDEB93007D1B10 /* CustomCameraTests */,
				5C0006651FDDEB93007D1B10 /* CustomCameraUITests */,
				5C0006411FDDEB93007D1B10 /* Products */,
			);
			sourceTree = "<group>";
		};
		5C0006411FDDEB93007D1B10 /* Products */ = {
			isa = PBXGroup;
			children = (
				5C0006401FDDEB93007D1B10 /* CustomCamera.app */,
				5C0006571FDDEB93007D1B10 /* CustomCameraTests.xctest */,
				5C0006621FDDEB93007D1B10 /* CustomCameraUITests.xctest */,
			);
			name = Products;
			sourceTree = "<group>";
		};
		5C0006421FDDEB93007D1B10 /* CustomCamera */ = {
			isa = PBXGroup;
			children = (
				5C0006431FDDEB93007D1B10 /* AppDelegate.swift */,
				5C0006451FDDEB93007D1B10 /* ViewController.swift */,
				5C0006471FDDEB93007D1B10 /* Main.storyboard */,
				5C0006741FDDF28E007D1B10 /* PreviewViewController.swift */,
				5C00064D1FDDEB93007D1B10 /* Assets.xcassets */,
				5C00064F1FDDEB93007D1B10 /* LaunchScreen.storyboard */,
				5C0006521FDDEB93007D1B10 /* Info.plist */,
				5C00064A1FDDEB93007D1B10 /* CustomCamera.xcdatamodeld */,
			);
			path = CustomCamera;
			sourceTree = "<group>";
		};
		5C00065A1FDDEB93007D1B10 /* CustomCameraTests */ = {
			isa = PBXGroup;
			children = (
				5C00065B1FDDEB93007D1B10 /* CustomCameraTests.swift */,
				5C00065D1FDDEB93007D1B10 /* Info.plist */,
			);
			path = CustomCameraTests;
			sourceTree = "<group>";
		};
		5C0006651FDDEB93007D1B10 /* CustomCameraUITests */ = {
			isa = PBXGroup;
			children = (
				5C0006661FDDEB93007D1B10 /* CustomCameraUITests.swift */,
				5C0006681FDDEB93007D1B10 /* Info.plist */,
			);
			path = CustomCameraUITests;
			sourceTree = "<group>";
		};
/* End PBXGroup section */

/* Begin PBXNativeTarget section */
		5C00063F1FDDEB93007D1B10 /* CustomCamera */ = {
			isa = PBXNativeTarget;
			buildConfigurationList = 5C00066B1FDDEB93007D1B10 /* Build configuration list for PBXNativeTarget "CustomCamera" */;
			buildPhases = (
				5C00063C1FDDEB93007D1B10 /* Sources */,
				5C00063D1FDDEB93007D1B10 /* Frameworks */,
				5C00063E1FDDEB93007D1B10 /* Resources */,
			);
			buildRules = (
			);
			dependencies = (
			);
			name = CustomCamera;
			productName = CustomCamera;
			productReference = 5C0006401FDDEB93007D1B10 /* CustomCamera.app */;
			productType = "com.apple.product-type.application";
		};
		5C0006561FDDEB93007D1B10 /* CustomCameraTests */ = {
			isa = PBXNativeTarget;
			buildConfigurationList = 5C00066E1FDDEB93007D1B10 /* Build configuration list for PBXNativeTarget "CustomCameraTests" */;
			buildPhases = (
				5C0006531FDDEB93007D1B10 /* Sources */,
				5C0006541FDDEB93007D1B10 /* Frameworks */,
				5C0006551FDDEB93007D1B10 /* Resources */,
			);
			buildRules = (
			);
			dependencies = (
				5C0006591FDDEB93007D1B10 /* PBXTargetDependency */,
			);
			name = CustomCameraTests;
			productName = CustomCameraTests;
			productReference = 5C0006571FDDEB93007D1B10 /* CustomCameraTests.xctest */;
			productType = "com.apple.product-type.bundle.unit-test";
		};
		5C0006611FDDEB93007D1B10 /* CustomCameraUITests */ = {
			isa = PBXNativeTarget;
			buildConfigurationList = 5C0006711FDDEB93007D1B10 /* Build configuration list for PBXNativeTarget "CustomCameraUITests" */;
			buildPhases = (
				5C00065E1FDDEB93007D1B10 /* Sources */,
				5C00065F1FDDEB93007D1B10 /* Frameworks */,
				5C0006601FDDEB93007D1B10 /* Resources */,
			);
			buildRules = (
			);
			dependencies = (
				5C0006641FDDEB93007D1B10 /* PBXTargetDependency */,
			);
			name = CustomCameraUITests;
			productName = CustomCameraUITests;
			productReference = 5C0006621FDDEB93007D1B10 /* CustomCameraUITests.xctest */;
			productType = "com.apple.product-type.bundle.ui-testing";
		};
/* End PBXNativeTarget section */

/* Begin PBXProject section */
		5C0006381FDDEB93007D1B10 /* Project object */ = {
			isa = PBXProject;
			attributes = {
				LastSwiftUpdateCheck = 0920;
				LastUpgradeCheck = 0920;
				ORGANIZATIONNAME = HavanaDev;
				TargetAttributes = {
					5C00063F1FDDEB93007D1B10 = {
						CreatedOnToolsVersion = 9.2;
						ProvisioningStyle = Automatic;
					};
					5C0006561FDDEB93007D1B10 = {
						CreatedOnToolsVersion = 9.2;
						ProvisioningStyle = Automatic;
						TestTargetID = 5C00063F1FDDEB93007D1B10;
					};
					5C0006611FDDEB93007D1B10 = {
						CreatedOnToolsVersion = 9.2;
						ProvisioningStyle = Automatic;
						TestTargetID = 5C00063F1FDDEB93007D1B10;
					};
				};
			};
			buildConfigurationList = 5C00063B1FDDEB93007D1B10 /* Build configuration list for PBXProject "CustomCamera" */;
			compatibilityVersion = "Xcode 8.0";
			developmentRegion = en;
			hasScannedForEncodings = 0;
			knownRegions = (
				en,
				Base,
			);
			mainGroup = 5C0006371FDDEB93007D1B10;
			productRefGroup = 5C0006411FDDEB93007D1B10 /* Products */;
			projectDirPath = "";
			projectRoot = "";
			targets = (
				5C00063F1FDDEB93007D1B10 /* CustomCamera */,
				5C0006561FDDEB93007D1B10 /* CustomCameraTests */,
				5C0006611FDDEB93007D1B10 /* CustomCameraUITests */,
			);
		};
/* End PBXProject section */

/* Begin PBXResourcesBuildPhase section */
		5C00063E1FDDEB93007D1B10 /* Resources */ = {
			isa = PBXResourcesBuildPhase;
			buildActionMask = 2147483647;
			files = (
				5C0006761FDE1A1B007D1B10 /* Info.plist in Resources */,
				5C0006511FDDEB93007D1B10 /* LaunchScreen.storyboard in Resources */,
				5C00064E1FDDEB93007D1B10 /* Assets.xcassets in Resources */,
				5C0006491FDDEB93007D1B10 /* Main.storyboard in Resources */,
			);
			runOnlyForDeploymentPostprocessing = 0;
		};
		5C0006551FDDEB93007D1B10 /* Resources */ = {
			isa = PBXResourcesBuildPhase;
			buildActionMask = 2147483647;
			files = (
			);
			runOnlyForDeploymentPostprocessing = 0;
		};
		5C0006601FDDEB93007D1B10 /* Resources */ = {
			isa = PBXResourcesBuildPhase;
			buildActionMask = 2147483647;
			files = (
			);
			runOnlyForDeploymentPostprocessing = 0;
		};
/* End PBXResourcesBuildPhase section */

/* Begin PBXSourcesBuildPhase section */
		5C00063C1FDDEB93007D1B10 /* Sources */ = {
			isa = PBXSourcesBuildPhase;
			buildActionMask = 2147483647;
			files = (
				5C0006461FDDEB93007D1B10 /* ViewController.swift in Sources */,
				5C00064C1FDDEB93007D1B10 /* CustomCamera.xcdatamodeld in Sources */,
				5C0006441FDDEB93007D1B10 /* AppDelegate.swift in Sources */,
				5C0006751FDDF28E007D1B10 /* PreviewViewController.swift in Sources */,
			);
			runOnlyForDeploymentPostprocessing = 0;
		};
		5C0006531FDDEB93007D1B10 /* Sources */ = {
			isa = PBXSourcesBuildPhase;
			buildActionMask = 2147483647;
			files = (
				5C00065C1FDDEB93007D1B10 /* CustomCameraTests.swift in Sources */,
			);
			runOnlyForDeploymentPostprocessing = 0;
		};
		5C00065E1FDDEB93007D1B10 /* Sources */ = {
			isa = PBXSourcesBuildPhase;
			buildActionMask = 2147483647;
			files = (
				5C0006671FDDEB93007D1B10 /* CustomCameraUITests.swift in Sources */,
			);
			runOnlyForDeploymentPostprocessing = 0;
		};
/* End PBXSourcesBuildPhase section */

/* Begin PBXTargetDependency section */
		5C0006591FDDEB93007D1B10 /* PBXTargetDependency */ = {
			isa = PBXTargetDependency;
			target = 5C00063F1FDDEB93007D1B10 /* CustomCamera */;
			targetProxy = 5C0006581FDDEB93007D1B10 /* PBXContainerItemProxy */;
		};
		5C0006641FDDEB93007D1B10 /* PBXTargetDependency */ = {
			isa = PBXTargetDependency;
			target = 5C00063F1FDDEB93007D1B10 /* CustomCamera */;
			targetProxy = 5C0006631FDDEB93007D1B10 /* PBXContainerItemProxy */;
		};
/* End PBXTargetDependency section */

/* Begin PBXVariantGroup section */
		5C0006471FDDEB93007D1B10 /* Main.storyboard */ = {
			isa = PBXVariantGroup;
			children = (
				5C0006481FDDEB93007D1B10 /* Base */,
			);
			name = Main.storyboard;
			sourceTree = "<group>";
		};
		5C00064F1FDDEB93007D1B10 /* LaunchScreen.storyboard */ = {
			isa = PBXVariantGroup;
			children = (
				5C0006501FDDEB93007D1B10 /* Base */,
			);
			name = LaunchScreen.storyboard;
			sourceTree = "<group>";
		};
/* End PBXVariantGroup section */

/* Begin XCBuildConfiguration section */
		5C0006691FDDEB93007D1B10 /* Debug */ = {
			isa = XCBuildConfiguration;
			buildSettings = {
				ALWAYS_SEARCH_USER_PATHS = NO;
				CLANG_ANALYZER_NONNULL = YES;
				CLANG_ANALYZER_NUMBER_OBJECT_CONVERSION = YES_AGGRESSIVE;
				CLANG_CXX_LANGUAGE_STANDARD = "gnu++14";
				CLANG_CXX_LIBRARY = "libc++";
				CLANG_ENABLE_MODULES = YES;
				CLANG_ENABLE_OBJC_ARC = YES;
				CLANG_WARN_BLOCK_CAPTURE_AUTORELEASING = YES;
				CLANG_WARN_BOOL_CONVERSION = YES;
				CLANG_WARN_COMMA = YES;
				CLANG_WARN_CONSTANT_CONVERSION = YES;
				CLANG_WARN_DIRECT_OBJC_ISA_USAGE = YES_ERROR;
				CLANG_WARN_DOCUMENTATION_COMMENTS = YES;
				CLANG_WARN_EMPTY_BODY = YES;
				CLANG_WARN_ENUM_CONVERSION = YES;
				CLANG_WARN_INFINITE_RECURSION = YES;
				CLANG_WARN_INT_CONVERSION = YES;
				CLANG_WARN_NON_LITERAL_NULL_CONVERSION = YES;
				CLANG_WARN_OBJC_LITERAL_CONVERSION = YES;
				CLANG_WARN_OBJC_ROOT_CLASS = YES_ERROR;
				CLANG_WARN_RANGE_LOOP_ANALYSIS = YES;
				CLANG_WARN_STRICT_PROTOTYPES = YES;
				CLANG_WARN_SUSPICIOUS_MOVE = YES;
				CLANG_WARN_UNGUARDED_AVAILABILITY = YES_AGGRESSIVE;
				CLANG_WARN_UNREACHABLE_CODE = YES;
				CLANG_WARN__DUPLICATE_METHOD_MATCH = YES;
				CODE_SIGN_IDENTITY = "iPhone Developer";
				COPY_PHASE_STRIP = NO;
				DEBUG_INFORMATION_FORMAT = dwarf;
				ENABLE_STRICT_OBJC_MSGSEND = YES;
				ENABLE_TESTABILITY = YES;
				GCC_C_LANGUAGE_STANDARD = gnu11;
				GCC_DYNAMIC_NO_PIC = NO;
				GCC_NO_COMMON_BLOCKS = YES;
				GCC_OPTIMIZATION_LEVEL = 0;
				GCC_PREPROCESSOR_DEFINITIONS = (
					"DEBUG=1",
					"$(inherited)",
				);
				GCC_WARN_64_TO_32_BIT_CONVERSION = YES;
				GCC_WARN_ABOUT_RETURN_TYPE = YES_ERROR;
				GCC_WARN_UNDECLARED_SELECTOR = YES;
				GCC_WARN_UNINITIALIZED_AUTOS = YES_AGGRESSIVE;
				GCC_WARN_UNUSED_FUNCTION = YES;
				GCC_WARN_UNUSED_VARIABLE = YES;
				IPHONEOS_DEPLOYMENT_TARGET = 11.2;
				MTL_ENABLE_DEBUG_INFO = YES;
				ONLY_ACTIVE_ARCH = YES;
				SDKROOT = iphoneos;
				SWIFT_ACTIVE_COMPILATION_CONDITIONS = DEBUG;
				SWIFT_OPTIMIZATION_LEVEL = "-Onone";
			};
			name = Debug;
		};
		5C00066A1FDDEB93007D1B10 /* Release */ = {
			isa = XCBuildConfiguration;
			buildSettings = {
				ALWAYS_SEARCH_USER_PATHS = NO;
				CLANG_ANALYZER_NONNULL = YES;
				CLANG_ANALYZER_NUMBER_OBJECT_CONVERSION = YES_AGGRESSIVE;
				CLANG_CXX_LANGUAGE_STANDARD = "gnu++14";
				CLANG_CXX_LIBRARY = "libc++";
				CLANG_ENABLE_MODULES = YES;
				CLANG_ENABLE_OBJC_ARC = YES;
				CLANG_WARN_BLOCK_CAPTURE_AUTORELEASING = YES;
				CLANG_WARN_BOOL_CONVERSION = YES;
				CLANG_WARN_COMMA = YES;
				CLANG_WARN_CONSTANT_CONVERSION = YES;
				CLANG_WARN_DIRECT_OBJC_ISA_USAGE = YES_ERROR;
				CLANG_WARN_DOCUMENTATION_COMMENTS = YES;
				CLANG_WARN_EMPTY_BODY = YES;
				CLANG_WARN_ENUM_CONVERSION = YES;
				CLANG_WARN_INFINITE_RECURSION = YES;
				CLANG_WARN_INT_CONVERSION = YES;
				CLANG_WARN_NON_LITERAL_NULL_CONVERSION = YES;
				CLANG_WARN_OBJC_LITERAL_CONVERSION = YES;
				CLANG_WARN_OBJC_ROOT_CLASS = YES_ERROR;
				CLANG_WARN_RANGE_LOOP_ANALYSIS = YES;
				CLANG_WARN_STRICT_PROTOTYPES = YES;
				CLANG_WARN_SUSPICIOUS_MOVE = YES;
				CLANG_WARN_UNGUARDED_AVAILABILITY = YES_AGGRESSIVE;
				CLANG_WARN_UNREACHABLE_CODE = YES;
				CLANG_WARN__DUPLICATE_METHOD_MATCH = YES;
				CODE_SIGN_IDENTITY = "iPhone Developer";
				COPY_PHASE_STRIP = NO;
				DEBUG_INFORMATION_FORMAT = "dwarf-with-dsym";
				ENABLE_NS_ASSERTIONS = NO;
				ENABLE_STRICT_OBJC_MSGSEND = YES;
				GCC_C_LANGUAGE_STANDARD = gnu11;
				GCC_NO_COMMON_BLOCKS = YES;
				GCC_WARN_64_TO_32_BIT_CONVERSION = YES;
				GCC_WARN_ABOUT_RETURN_TYPE = YES_ERROR;
				GCC_WARN_UNDECLARED_SELECTOR = YES;
				GCC_WARN_UNINITIALIZED_AUTOS = YES_AGGRESSIVE;
				GCC_WARN_UNUSED_FUNCTION = YES;
				GCC_WARN_UNUSED_VARIABLE = YES;
				IPHONEOS_DEPLOYMENT_TARGET = 11.2;
				MTL_ENABLE_DEBUG_INFO = NO;
				SDKROOT = iphoneos;
				SWIFT_OPTIMIZATION_LEVEL = "-Owholemodule";
				VALIDATE_PRODUCT = YES;
			};
			name = Release;
		};
		5C00066C1FDDEB93007D1B10 /* Debug */ = {
			isa = XCBuildConfiguration;
			buildSettings = {
				ASSETCATALOG_COMPILER_APPICON_NAME = AppIcon;
				CODE_SIGN_STYLE = Automatic;
				DEVELOPMENT_TEAM = 2YEE4ZD38C;
				INFOPLIST_FILE = CustomCamera/Info.plist;
				LD_RUNPATH_SEARCH_PATHS = "$(inherited) @executable_path/Frameworks";
				PRODUCT_BUNDLE_IDENTIFIER = us.havanadev.CustomCamera;
				PRODUCT_NAME = "$(TARGET_NAME)";
				SWIFT_VERSION = 4.0;
				TARGETED_DEVICE_FAMILY = "1,2";
			};
			name = Debug;
		};
		5C00066D1FDDEB93007D1B10 /* Release */ = {
			isa = XCBuildConfiguration;
			buildSettings = {
				ASSETCATALOG_COMPILER_APPICON_NAME = AppIcon;
				CODE_SIGN_STYLE = Automatic;
				DEVELOPMENT_TEAM = 2YEE4ZD38C;
				INFOPLIST_FILE = CustomCamera/Info.plist;
				LD_RUNPATH_SEARCH_PATHS = "$(inherited) @executable_path/Frameworks";
				PRODUCT_BUNDLE_IDENTIFIER = us.havanadev.CustomCamera;
				PRODUCT_NAME = "$(TARGET_NAME)";
				SWIFT_VERSION = 4.0;
				TARGETED_DEVICE_FAMILY = "1,2";
			};
			name = Release;
		};
		5C00066F1FDDEB93007D1B10 /* Debug */ = {
			isa = XCBuildConfiguration;
			buildSettings = {
				ALWAYS_EMBED_SWIFT_STANDARD_LIBRARIES = YES;
				BUNDLE_LOADER = "$(TEST_HOST)";
				CODE_SIGN_STYLE = Automatic;
				DEVELOPMENT_TEAM = 2YEE4ZD38C;
				INFOPLIST_FILE = CustomCameraTests/Info.plist;
				LD_RUNPATH_SEARCH_PATHS = "$(inherited) @executable_path/Frameworks @loader_path/Frameworks";
				PRODUCT_BUNDLE_IDENTIFIER = us.havanadev.CustomCameraTests;
				PRODUCT_NAME = "$(TARGET_NAME)";
				SWIFT_VERSION = 4.0;
				TARGETED_DEVICE_FAMILY = "1,2";
				TEST_HOST = "$(BUILT_PRODUCTS_DIR)/CustomCamera.app/CustomCamera";
			};
			name = Debug;
		};
		5C0006701FDDEB93007D1B10 /* Release */ = {
			isa = XCBuildConfiguration;
			buildSettings = {
				ALWAYS_EMBED_SWIFT_STANDARD_LIBRARIES = YES;
				BUNDLE_LOADER = "$(TEST_HOST)";
				CODE_SIGN_STYLE = Automatic;
				DEVELOPMENT_TEAM = 2YEE4ZD38C;
				INFOPLIST_FILE = CustomCameraTests/Info.plist;
				LD_RUNPATH_SEARCH_PATHS = "$(inherited) @executable_path/Frameworks @loader_path/Frameworks";
				PRODUCT_BUNDLE_IDENTIFIER = us.havanadev.CustomCameraTests;
				PRODUCT_NAME = "$(TARGET_NAME)";
				SWIFT_VERSION = 4.0;
				TARGETED_DEVICE_FAMILY = "1,2";
				TEST_HOST = "$(BUILT_PRODUCTS_DIR)/CustomCamera.app/CustomCamera";
			};
			name = Release;
		};
		5C0006721FDDEB93007D1B10 /* Debug */ = {
			isa = XCBuildConfiguration;
			buildSettings = {
				ALWAYS_EMBED_SWIFT_STANDARD_LIBRARIES = YES;
				CODE_SIGN_STYLE = Automatic;
				DEVELOPMENT_TEAM = 2YEE4ZD38C;
				INFOPLIST_FILE = CustomCameraUITests/Info.plist;
				LD_RUNPATH_SEARCH_PATHS = "$(inherited) @executable_path/Frameworks @loader_path/Frameworks";
				PRODUCT_BUNDLE_IDENTIFIER = us.havanadev.CustomCameraUITests;
				PRODUCT_NAME = "$(TARGET_NAME)";
				SWIFT_VERSION = 4.0;
				TARGETED_DEVICE_FAMILY = "1,2";
				TEST_TARGET_NAME = CustomCamera;
			};
			name = Debug;
		};
		5C0006731FDDEB93007D1B10 /* Release */ = {
			isa = XCBuildConfiguration;
			buildSettings = {
				ALWAYS_EMBED_SWIFT_STANDARD_LIBRARIES = YES;
				CODE_SIGN_STYLE = Automatic;
				DEVELOPMENT_TEAM = 2YEE4ZD38C;
				INFOPLIST_FILE = CustomCameraUITests/Info.plist;
				LD_RUNPATH_SEARCH_PATHS = "$(inherited) @executable_path/Frameworks @loader_path/Frameworks";
				PRODUCT_BUNDLE_IDENTIFIER = us.havanadev.CustomCameraUITests;
				PRODUCT_NAME = "$(TARGET_NAME)";
				SWIFT_VERSION = 4.0;
				TARGETED_DEVICE_FAMILY = "1,2";
				TEST_TARGET_NAME = CustomCamera;
			};
			name = Release;
		};
/* End XCBuildConfiguration section */

/* Begin XCConfigurationList section */
		5C00063B1FDDEB93007D1B10 /* Build configuration list for PBXProject "CustomCamera" */ = {
			isa = XCConfigurationList;
			buildConfigurations = (
				5C0006691FDDEB93007D1B10 /* Debug */,
				5C00066A1FDDEB93007D1B10 /* Release */,
			);
			defaultConfigurationIsVisible = 0;
			defaultConfigurationName = Release;
		};
		5C00066B1FDDEB93007D1B10 /* Build configuration list for PBXNativeTarget "CustomCamera" */ = {
			isa = XCConfigurationList;
			buildConfigurations = (
				5C00066C1FDDEB93007D1B10 /* Debug */,
				5C00066D1FDDEB93007D1B10 /* Release */,
			);
			defaultConfigurationIsVisible = 0;
			defaultConfigurationName = Release;
		};
		5C00066E1FDDEB93007D1B10 /* Build configuration list for PBXNativeTarget "CustomCameraTests" */ = {
			isa = XCConfigurationList;
			buildConfigurations = (
				5C00066F1FDDEB93007D1B10 /* Debug */,
				5C0006701FDDEB93007D1B10 /* Release */,
			);
			defaultConfigurationIsVisible = 0;
			defaultConfigurationName = Release;
		};
		5C0006711FDDEB93007D1B10 /* Build configuration list for PBXNativeTarget "CustomCameraUITests" */ = {
			isa = XCConfigurationList;
			buildConfigurations = (
				5C0006721FDDEB93007D1B10 /* Debug */,
				5C0006731FDDEB93007D1B10 /* Release */,
			);
			defaultConfigurationIsVisible = 0;
			defaultConfigurationName = Release;
		};
/* End XCConfigurationList section */

/* Begin XCVersionGroup section */
		5C00064A1FDDEB93007D1B10 /* CustomCamera.xcdatamodeld */ = {
			isa = XCVersionGroup;
			children = (
				5C00064B1FDDEB93007D1B10 /* CustomCamera.xcdatamodel */,
			);
			currentVersion = 5C00064B1FDDEB93007D1B10 /* CustomCamera.xcdatamodel */;
			path = CustomCamera.xcdatamodeld;
			sourceTree = "<group>";
			versionGroupType = wrapper.xcdatamodel;
		};
/* End XCVersionGroup section */
	};
	rootObject = 5C0006381FDDEB93007D1B10 /* Project object */;
}
